
Microsoft Visual Studio Solution File, Format Version 12.00
Project("{FAE04EC0-301F-11D3-BF4B-00C04F79EFBC}") = "Library.Application", "Library.Application\Library.Application.csproj", "{9C4C74A9-C1EB-46FF-967D-AF897B27A437}"
EndProject
Project("{FAE04EC0-301F-11D3-BF4B-00C04F79EFBC}") = "Library.Data", "Library.Data\Library.Data.csproj", "{0E667F90-C885-4E27-BB6D-5DE02564A15B}"
EndProject
Project("{FAE04EC0-301F-11D3-BF4B-00C04F79EFBC}") = "Library.Mvvm", "Library.Mvvm\Library.Mvvm.csproj", "{530DEF0E-B5D5-4E93-8322-AA62774048C2}"
EndProject
Global
	GlobalSection(SolutionConfigurationPlatforms) = preSolution
		Debug|Any CPU = Debug|Any CPU
		Release|Any CPU = Release|Any CPU
	EndGlobalSection
	GlobalSection(ProjectConfigurationPlatforms) = postSolution
		{9C4C74A9-C1EB-46FF-967D-AF897B27A437}.Debug|Any CPU.ActiveCfg = Debug|Any CPU
		{9C4C74A9-C1EB-46FF-967D-AF897B27A437}.Debug|Any CPU.Build.0 = Debug|Any CPU
		{9C4C74A9-C1EB-46FF-967D-AF897B27A437}.Release|Any CPU.ActiveCfg = Release|Any CPU
		{9C4C74A9-C1EB-46FF-967D-AF897B27A437}.Release|Any CPU.Build.0 = Release|Any CPU
		{0E667F90-C885-4E27-BB6D-5DE02564A15B}.Debug|Any CPU.ActiveCfg = Debug|Any CPU
		{0E667F90-C885-4E27-BB6D-5DE02564A15B}.Debug|Any CPU.Build.0 = Debug|Any CPU
		{0E667F90-C885-4E27-BB6D-5DE02564A15B}.Release|Any CPU.ActiveCfg = Release|Any CPU
		{0E667F90-C885-4E27-BB6D-5DE02564A15B}.Release|Any CPU.Build.0 = Release|Any CPU
		{530DEF0E-B5D5-4E93-8322-AA62774048C2}.Debug|Any CPU.ActiveCfg = Debug|Any CPU
		{530DEF0E-B5D5-4E93-8322-AA62774048C2}.Debug|Any CPU.Build.0 = Debug|Any CPU
		{530DEF0E-B5D5-4E93-8322-AA62774048C2}.Release|Any CPU.ActiveCfg = Release|Any CPU
		{530DEF0E-B5D5-4E93-8322-AA62774048C2}.Release|Any CPU.Build.0 = Release|Any CPU
	EndGlobalSection
EndGlobal
